// !$*UTF8*$!
{
	archiveVersion = 1;
	classes = {
	};
	objectVersion = 56;
	objects = {

/* Begin PBXBuildFile section */
		6C0E9CAF28D9BCEF006839E0 /* LearningApp.swift in Sources */ = {isa = PBXBuildFile; fileRef = 6C0E9CAE28D9BCEF006839E0 /* LearningApp.swift */; };
		6C0E9CB128D9BCEF006839E0 /* HomeView.swift in Sources */ = {isa = PBXBuildFile; fileRef = 6C0E9CB028D9BCEF006839E0 /* HomeView.swift */; };
		6C0E9CB328D9BCF1006839E0 /* Assets.xcassets in Resources */ = {isa = PBXBuildFile; fileRef = 6C0E9CB228D9BCF1006839E0 /* Assets.xcassets */; };
		6C0E9CB628D9BCF1006839E0 /* Preview Assets.xcassets in Resources */ = {isa = PBXBuildFile; fileRef = 6C0E9CB528D9BCF1006839E0 /* Preview Assets.xcassets */; };
		6C0E9CC228D9BE73006839E0 /* ContentModel.swift in Sources */ = {isa = PBXBuildFile; fileRef = 6C0E9CC128D9BE73006839E0 /* ContentModel.swift */; };
		6C0E9CC528D9C325006839E0 /* style.html in Resources */ = {isa = PBXBuildFile; fileRef = 6C0E9CC328D9C325006839E0 /* style.html */; };
		6C0E9CC628D9C325006839E0 /* data.json in Resources */ = {isa = PBXBuildFile; fileRef = 6C0E9CC428D9C325006839E0 /* data.json */; };
		6C0E9CC828D9C371006839E0 /* Models.swift in Sources */ = {isa = PBXBuildFile; fileRef = 6C0E9CC728D9C371006839E0 /* Models.swift */; };
		6C0E9CCA28D9D0A3006839E0 /* HomeViewRow.swift in Sources */ = {isa = PBXBuildFile; fileRef = 6C0E9CC928D9D0A3006839E0 /* HomeViewRow.swift */; };
		6C0E9CCC28DB8473006839E0 /* ContentView.swift in Sources */ = {isa = PBXBuildFile; fileRef = 6C0E9CCB28DB8473006839E0 /* ContentView.swift */; };
		6C0E9CCE28DB8D0C006839E0 /* ContentViewRow.swift in Sources */ = {isa = PBXBuildFile; fileRef = 6C0E9CCD28DB8D0C006839E0 /* ContentViewRow.swift */; };
		6C0E9CD028DCD801006839E0 /* ContentDetailView.swift in Sources */ = {isa = PBXBuildFile; fileRef = 6C0E9CCF28DCD801006839E0 /* ContentDetailView.swift */; };
		6C0E9CD328DCDA34006839E0 /* AVKit.framework in Frameworks */ = {isa = PBXBuildFile; fileRef = 6C0E9CD228DCDA34006839E0 /* AVKit.framework */; };
		6C0E9CD528DCDAF7006839E0 /* Constants.swift in Sources */ = {isa = PBXBuildFile; fileRef = 6C0E9CD428DCDAF7006839E0 /* Constants.swift */; };
		6C68F78F28DDAAAC00F7C834 /* CodeTextView.swift in Sources */ = {isa = PBXBuildFile; fileRef = 6C68F78E28DDAAAC00F7C834 /* CodeTextView.swift */; };
		6C68F7CC28DDF07F00F7C834 /* RectangleCard.swift in Sources */ = {isa = PBXBuildFile; fileRef = 6C68F7CB28DDF07F00F7C834 /* RectangleCard.swift */; };
		6C780AF628E51EB500DF2667 /* TestView.swift in Sources */ = {isa = PBXBuildFile; fileRef = 6C780AF528E51EB500DF2667 /* TestView.swift */; };
		6C7E3C7528E7F4B4005E7344 /* TestResultView.swift in Sources */ = {isa = PBXBuildFile; fileRef = 6C7E3C7428E7F4B4005E7344 /* TestResultView.swift */; };
/* End PBXBuildFile section */

/* Begin PBXFileReference section */
		6C0E9CAB28D9BCEF006839E0 /* Learning.app */ = {isa = PBXFileReference; explicitFileType = wrapper.application; includeInIndex = 0; path = Learning.app; sourceTree = BUILT_PRODUCTS_DIR; };
		6C0E9CAE28D9BCEF006839E0 /* LearningApp.swift */ = {isa = PBXFileReference; lastKnownFileType = sourcecode.swift; path = LearningApp.swift; sourceTree = "<group>"; };
		6C0E9CB028D9BCEF006839E0 /* HomeView.swift */ = {isa = PBXFileReference; lastKnownFileType = sourcecode.swift; path = HomeView.swift; sourceTree = "<group>"; };
		6C0E9CB228D9BCF1006839E0 /* Assets.xcassets */ = {isa = PBXFileReference; lastKnownFileType = folder.assetcatalog; path = Assets.xcassets; sourceTree = "<group>"; };
		6C0E9CB528D9BCF1006839E0 /* Preview Assets.xcassets */ = {isa = PBXFileReference; lastKnownFileType = folder.assetcatalog; path = "Preview Assets.xcassets"; sourceTree = "<group>"; };
		6C0E9CC128D9BE73006839E0 /* ContentModel.swift */ = {isa = PBXFileReference; lastKnownFileType = sourcecode.swift; path = ContentModel.swift; sourceTree = "<group>"; };
		6C0E9CC328D9C325006839E0 /* style.html */ = {isa = PBXFileReference; fileEncoding = 4; lastKnownFileType = text.html; path = style.html; sourceTree = "<group>"; };
		6C0E9CC428D9C325006839E0 /* data.json */ = {isa = PBXFileReference; fileEncoding = 4; lastKnownFileType = text.json; path = data.json; sourceTree = "<group>"; };
		6C0E9CC728D9C371006839E0 /* Models.swift */ = {isa = PBXFileReference; lastKnownFileType = sourcecode.swift; path = Models.swift; sourceTree = "<group>"; };
		6C0E9CC928D9D0A3006839E0 /* HomeViewRow.swift */ = {isa = PBXFileReference; lastKnownFileType = sourcecode.swift; path = HomeViewRow.swift; sourceTree = "<group>"; };
		6C0E9CCB28DB8473006839E0 /* ContentView.swift */ = {isa = PBXFileReference; lastKnownFileType = sourcecode.swift; path = ContentView.swift; sourceTree = "<group>"; };
		6C0E9CCD28DB8D0C006839E0 /* ContentViewRow.swift */ = {isa = PBXFileReference; lastKnownFileType = sourcecode.swift; path = ContentViewRow.swift; sourceTree = "<group>"; };
		6C0E9CCF28DCD801006839E0 /* ContentDetailView.swift */ = {isa = PBXFileReference; lastKnownFileType = sourcecode.swift; path = ContentDetailView.swift; sourceTree = "<group>"; };
		6C0E9CD228DCDA34006839E0 /* AVKit.framework */ = {isa = PBXFileReference; lastKnownFileType = wrapper.framework; name = AVKit.framework; path = System/Library/Frameworks/AVKit.framework; sourceTree = SDKROOT; };
		6C0E9CD428DCDAF7006839E0 /* Constants.swift */ = {isa = PBXFileReference; lastKnownFileType = sourcecode.swift; path = Constants.swift; sourceTree = "<group>"; };
		6C68F78E28DDAAAC00F7C834 /* CodeTextView.swift */ = {isa = PBXFileReference; lastKnownFileType = sourcecode.swift; path = CodeTextView.swift; sourceTree = "<group>"; };
		6C68F7CB28DDF07F00F7C834 /* RectangleCard.swift */ = {isa = PBXFileReference; lastKnownFileType = sourcecode.swift; path = RectangleCard.swift; sourceTree = "<group>"; };
		6C780AF528E51EB500DF2667 /* TestView.swift */ = {isa = PBXFileReference; lastKnownFileType = sourcecode.swift; path = TestView.swift; sourceTree = "<group>"; };
		6C7E3C7428E7F4B4005E7344 /* TestResultView.swift */ = {isa = PBXFileReference; lastKnownFileType = sourcecode.swift; path = TestResultView.swift; sourceTree = "<group>"; };
/* End PBXFileReference section */

/* Begin PBXFrameworksBuildPhase section */
		6C0E9CA828D9BCEF006839E0 /* Frameworks */ = {
			isa = PBXFrameworksBuildPhase;
			buildActionMask = 2147483647;
			files = (
				6C0E9CD328DCDA34006839E0 /* AVKit.framework in Frameworks */,
			);
			runOnlyForDeploymentPostprocessing = 0;
		};
/* End PBXFrameworksBuildPhase section */

/* Begin PBXGroup section */
		6C0E9CA228D9BCEF006839E0 = {
			isa = PBXGroup;
			children = (
				6C0E9CAD28D9BCEF006839E0 /* Learning */,
				6C0E9CAC28D9BCEF006839E0 /* Products */,
				6C0E9CD128DCDA34006839E0 /* Frameworks */,
			);
			sourceTree = "<group>";
		};
		6C0E9CAC28D9BCEF006839E0 /* Products */ = {
			isa = PBXGroup;
			children = (
				6C0E9CAB28D9BCEF006839E0 /* Learning.app */,
			);
			name = Products;
			sourceTree = "<group>";
		};
		6C0E9CAD28D9BCEF006839E0 /* Learning */ = {
			isa = PBXGroup;
			children = (
				6C0E9CAE28D9BCEF006839E0 /* LearningApp.swift */,
				6C0E9CBC28D9BE29006839E0 /* Views */,
				6C0E9CBD28D9BE2D006839E0 /* ViewModels */,
				6C0E9CBE28D9BE38006839E0 /* Models */,
				6C0E9CBF28D9BE40006839E0 /* Resources */,
				6C0E9CC028D9BE46006839E0 /* Utilities */,
				6C0E9CB228D9BCF1006839E0 /* Assets.xcassets */,
				6C0E9CB428D9BCF1006839E0 /* Preview Content */,
			);
			path = Learning;
			sourceTree = "<group>";
		};
		6C0E9CB428D9BCF1006839E0 /* Preview Content */ = {
			isa = PBXGroup;
			children = (
				6C0E9CB528D9BCF1006839E0 /* Preview Assets.xcassets */,
			);
			path = "Preview Content";
			sourceTree = "<group>";
		};
		6C0E9CBC28D9BE29006839E0 /* Views */ = {
			isa = PBXGroup;
			children = (
				6C0E9CB028D9BCEF006839E0 /* HomeView.swift */,
				6C0E9CC928D9D0A3006839E0 /* HomeViewRow.swift */,
				6C0E9CCB28DB8473006839E0 /* ContentView.swift */,
				6C0E9CCD28DB8D0C006839E0 /* ContentViewRow.swift */,
				6C0E9CCF28DCD801006839E0 /* ContentDetailView.swift */,
				6C68F78E28DDAAAC00F7C834 /* CodeTextView.swift */,
				6C68F7CB28DDF07F00F7C834 /* RectangleCard.swift */,
				6C780AF528E51EB500DF2667 /* TestView.swift */,
				6C7E3C7428E7F4B4005E7344 /* TestResultView.swift */,
			);
			path = Views;
			sourceTree = "<group>";
		};
		6C0E9CBD28D9BE2D006839E0 /* ViewModels */ = {
			isa = PBXGroup;
			children = (
				6C0E9CC128D9BE73006839E0 /* ContentModel.swift */,
			);
			path = ViewModels;
			sourceTree = "<group>";
		};
		6C0E9CBE28D9BE38006839E0 /* Models */ = {
			isa = PBXGroup;
			children = (
				6C0E9CC728D9C371006839E0 /* Models.swift */,
			);
			path = Models;
			sourceTree = "<group>";
		};
		6C0E9CBF28D9BE40006839E0 /* Resources */ = {
			isa = PBXGroup;
			children = (
				6C0E9CC428D9C325006839E0 /* data.json */,
				6C0E9CC328D9C325006839E0 /* style.html */,
				6C0E9CD428DCDAF7006839E0 /* Constants.swift */,
			);
			path = Resources;
			sourceTree = "<group>";
		};
		6C0E9CC028D9BE46006839E0 /* Utilities */ = {
			isa = PBXGroup;
			children = (
			);
			path = Utilities;
			sourceTree = "<group>";
		};
		6C0E9CD128DCDA34006839E0 /* Frameworks */ = {
			isa = PBXGroup;
			children = (
				6C0E9CD228DCDA34006839E0 /* AVKit.framework */,
			);
			name = Frameworks;
			sourceTree = "<group>";
		};
/* End PBXGroup section */

/* Begin PBXNativeTarget section */
		6C0E9CAA28D9BCEF006839E0 /* Learning */ = {
			isa = PBXNativeTarget;
			buildConfigurationList = 6C0E9CB928D9BCF1006839E0 /* Build configuration list for PBXNativeTarget "Learning" */;
			buildPhases = (
				6C0E9CA728D9BCEF006839E0 /* Sources */,
				6C0E9CA828D9BCEF006839E0 /* Frameworks */,
				6C0E9CA928D9BCEF006839E0 /* Resources */,
			);
			buildRules = (
			);
			dependencies = (
			);
			name = Learning;
			productName = Learning;
			productReference = 6C0E9CAB28D9BCEF006839E0 /* Learning.app */;
			productType = "com.apple.product-type.application";
		};
/* End PBXNativeTarget section */

/* Begin PBXProject section */
		6C0E9CA328D9BCEF006839E0 /* Project object */ = {
			isa = PBXProject;
			attributes = {
				BuildIndependentTargetsInParallel = 1;
				LastSwiftUpdateCheck = 1400;
				LastUpgradeCheck = 1400;
				TargetAttributes = {
					6C0E9CAA28D9BCEF006839E0 = {
						CreatedOnToolsVersion = 14.0;
					};
				};
			};
			buildConfigurationList = 6C0E9CA628D9BCEF006839E0 /* Build configuration list for PBXProject "Learning" */;
			compatibilityVersion = "Xcode 14.0";
			developmentRegion = en;
			hasScannedForEncodings = 0;
			knownRegions = (
				en,
				Base,
			);
			mainGroup = 6C0E9CA228D9BCEF006839E0;
			productRefGroup = 6C0E9CAC28D9BCEF006839E0 /* Products */;
			projectDirPath = "";
			projectRoot = "";
			targets = (
				6C0E9CAA28D9BCEF006839E0 /* Learning */,
			);
		};
/* End PBXProject section */

/* Begin PBXResourcesBuildPhase section */
		6C0E9CA928D9BCEF006839E0 /* Resources */ = {
			isa = PBXResourcesBuildPhase;
			buildActionMask = 2147483647;
			files = (
				6C0E9CC528D9C325006839E0 /* style.html in Resources */,
				6C0E9CB628D9BCF1006839E0 /* Preview Assets.xcassets in Resources */,
				6C0E9CB328D9BCF1006839E0 /* Assets.xcassets in Resources */,
				6C0E9CC628D9C325006839E0 /* data.json in Resources */,
			);
			runOnlyForDeploymentPostprocessing = 0;
		};
/* End PBXResourcesBuildPhase section */

/* Begin PBXSourcesBuildPhase section */
		6C0E9CA728D9BCEF006839E0 /* Sources */ = {
			isa = PBXSourcesBuildPhase;
			buildActionMask = 2147483647;
			files = (
				6C780AF628E51EB500DF2667 /* TestView.swift in Sources */,
				6C7E3C7528E7F4B4005E7344 /* TestResultView.swift in Sources */,
				6C0E9CB128D9BCEF006839E0 /* HomeView.swift in Sources */,
				6C0E9CCA28D9D0A3006839E0 /* HomeViewRow.swift in Sources */,
				6C0E9CCC28DB8473006839E0 /* ContentView.swift in Sources */,
				6C0E9CD028DCD801006839E0 /* ContentDetailView.swift in Sources */,
				6C0E9CAF28D9BCEF006839E0 /* LearningApp.swift in Sources */,
				6C0E9CCE28DB8D0C006839E0 /* ContentViewRow.swift in Sources */,
				6C68F78F28DDAAAC00F7C834 /* CodeTextView.swift in Sources */,
				6C0E9CC228D9BE73006839E0 /* ContentModel.swift in Sources */,
				6C0E9CC828D9C371006839E0 /* Models.swift in Sources */,
				6C68F7CC28DDF07F00F7C834 /* RectangleCard.swift in Sources */,
				6C0E9CD528DCDAF7006839E0 /* Constants.swift in Sources */,
			);
			runOnlyForDeploymentPostprocessing = 0;
		};
/* End PBXSourcesBuildPhase section */

/* Begin XCBuildConfiguration section */
		6C0E9CB728D9BCF1006839E0 /* Debug */ = {
			isa = XCBuildConfiguration;
			buildSettings = {
				ALWAYS_SEARCH_USER_PATHS = NO;
				CLANG_ANALYZER_NONNULL = YES;
				CLANG_ANALYZER_NUMBER_OBJECT_CONVERSION = YES_AGGRESSIVE;
				CLANG_CXX_LANGUAGE_STANDARD = "gnu++20";
				CLANG_ENABLE_MODULES = YES;
				CLANG_ENABLE_OBJC_ARC = YES;
				CLANG_ENABLE_OBJC_WEAK = YES;
				CLANG_WARN_BLOCK_CAPTURE_AUTORELEASING = YES;
				CLANG_WARN_BOOL_CONVERSION = YES;
				CLANG_WARN_COMMA = YES;
				CLANG_WARN_CONSTANT_CONVERSION = YES;
				CLANG_WARN_DEPRECATED_OBJC_IMPLEMENTATIONS = YES;
				CLANG_WARN_DIRECT_OBJC_ISA_USAGE = YES_ERROR;
				CLANG_WARN_DOCUMENTATION_COMMENTS = YES;
				CLANG_WARN_EMPTY_BODY = YES;
				CLANG_WARN_ENUM_CONVERSION = YES;
				CLANG_WARN_INFINITE_RECURSION = YES;
				CLANG_WARN_INT_CONVERSION = YES;
				CLANG_WARN_NON_LITERAL_NULL_CONVERSION = YES;
				CLANG_WARN_OBJC_IMPLICIT_RETAIN_SELF = YES;
				CLANG_WARN_OBJC_LITERAL_CONVERSION = YES;
				CLANG_WARN_OBJC_ROOT_CLASS = YES_ERROR;
				CLANG_WARN_QUOTED_INCLUDE_IN_FRAMEWORK_HEADER = YES;
				CLANG_WARN_RANGE_LOOP_ANALYSIS = YES;
				CLANG_WARN_STRICT_PROTOTYPES = YES;
				CLANG_WARN_SUSPICIOUS_MOVE = YES;
				CLANG_WARN_UNGUARDED_AVAILABILITY = YES_AGGRESSIVE;
				CLANG_WARN_UNREACHABLE_CODE = YES;
				CLANG_WARN__DUPLICATE_METHOD_MATCH = YES;
				COPY_PHASE_STRIP = NO;
				DEBUG_INFORMATION_FORMAT = dwarf;
				ENABLE_STRICT_OBJC_MSGSEND = YES;
				ENABLE_TESTABILITY = YES;
				GCC_C_LANGUAGE_STANDARD = gnu11;
				GCC_DYNAMIC_NO_PIC = NO;
				GCC_NO_COMMON_BLOCKS = YES;
				GCC_OPTIMIZATION_LEVEL = 0;
				GCC_PREPROCESSOR_DEFINITIONS = (
					"DEBUG=1",
					"$(inherited)",
				);
				GCC_WARN_64_TO_32_BIT_CONVERSION = YES;
				GCC_WARN_ABOUT_RETURN_TYPE = YES_ERROR;
				GCC_WARN_UNDECLARED_SELECTOR = YES;
				GCC_WARN_UNINITIALIZED_AUTOS = YES_AGGRESSIVE;
				GCC_WARN_UNUSED_FUNCTION = YES;
				GCC_WARN_UNUSED_VARIABLE = YES;
				IPHONEOS_DEPLOYMENT_TARGET = 16.0;
				MTL_ENABLE_DEBUG_INFO = INCLUDE_SOURCE;
				MTL_FAST_MATH = YES;
				ONLY_ACTIVE_ARCH = YES;
				SDKROOT = iphoneos;
				SWIFT_ACTIVE_COMPILATION_CONDITIONS = DEBUG;
				SWIFT_OPTIMIZATION_LEVEL = "-Onone";
			};
			name = Debug;
		};
		6C0E9CB828D9BCF1006839E0 /* Release */ = {
			isa = XCBuildConfiguration;
			buildSettings = {
				ALWAYS_SEARCH_USER_PATHS = NO;
				CLANG_ANALYZER_NONNULL = YES;
				CLANG_ANALYZER_NUMBER_OBJECT_CONVERSION = YES_AGGRESSIVE;
				CLANG_CXX_LANGUAGE_STANDARD = "gnu++20";
				CLANG_ENABLE_MODULES = YES;
				CLANG_ENABLE_OBJC_ARC = YES;
				CLANG_ENABLE_OBJC_WEAK = YES;
				CLANG_WARN_BLOCK_CAPTURE_AUTORELEASING = YES;
				CLANG_WARN_BOOL_CONVERSION = YES;
				CLANG_WARN_COMMA = YES;
				CLANG_WARN_CONSTANT_CONVERSION = YES;
				CLANG_WARN_DEPRECATED_OBJC_IMPLEMENTATIONS = YES;
				CLANG_WARN_DIRECT_OBJC_ISA_USAGE = YES_ERROR;
				CLANG_WARN_DOCUMENTATION_COMMENTS = YES;
				CLANG_WARN_EMPTY_BODY = YES;
				CLANG_WARN_ENUM_CONVERSION = YES;
				CLANG_WARN_INFINITE_RECURSION = YES;
				CLANG_WARN_INT_CONVERSION = YES;
				CLANG_WARN_NON_LITERAL_NULL_CONVERSION = YES;
				CLANG_WARN_OBJC_IMPLICIT_RETAIN_SELF = YES;
				CLANG_WARN_OBJC_LITERAL_CONVERSION = YES;
				CLANG_WARN_OBJC_ROOT_CLASS = YES_ERROR;
				CLANG_WARN_QUOTED_INCLUDE_IN_FRAMEWORK_HEADER = YES;
				CLANG_WARN_RANGE_LOOP_ANALYSIS = YES;
				CLANG_WARN_STRICT_PROTOTYPES = YES;
				CLANG_WARN_SUSPICIOUS_MOVE = YES;
				CLANG_WARN_UNGUARDED_AVAILABILITY = YES_AGGRESSIVE;
				CLANG_WARN_UNREACHABLE_CODE = YES;
				CLANG_WARN__DUPLICATE_METHOD_MATCH = YES;
				COPY_PHASE_STRIP = NO;
				DEBUG_INFORMATION_FORMAT = "dwarf-with-dsym";
				ENABLE_NS_ASSERTIONS = NO;
				ENABLE_STRICT_OBJC_MSGSEND = YES;
				GCC_C_LANGUAGE_STANDARD = gnu11;
				GCC_NO_COMMON_BLOCKS = YES;
				GCC_WARN_64_TO_32_BIT_CONVERSION = YES;
				GCC_WARN_ABOUT_RETURN_TYPE = YES_ERROR;
				GCC_WARN_UNDECLARED_SELECTOR = YES;
				GCC_WARN_UNINITIALIZED_AUTOS = YES_AGGRESSIVE;
				GCC_WARN_UNUSED_FUNCTION = YES;
				GCC_WARN_UNUSED_VARIABLE = YES;
				IPHONEOS_DEPLOYMENT_TARGET = 16.0;
				MTL_ENABLE_DEBUG_INFO = NO;
				MTL_FAST_MATH = YES;
				SDKROOT = iphoneos;
				SWIFT_COMPILATION_MODE = wholemodule;
				SWIFT_OPTIMIZATION_LEVEL = "-O";
				VALIDATE_PRODUCT = YES;
			};
			name = Release;
		};
		6C0E9CBA28D9BCF1006839E0 /* Debug */ = {
			isa = XCBuildConfiguration;
			buildSettings = {
				ASSETCATALOG_COMPILER_APPICON_NAME = AppIcon;
				ASSETCATALOG_COMPILER_GLOBAL_ACCENT_COLOR_NAME = AccentColor;
				CODE_SIGN_STYLE = Automatic;
				CURRENT_PROJECT_VERSION = 1;
				DEVELOPMENT_ASSET_PATHS = "\"Learning/Preview Content\"";
				ENABLE_PREVIEWS = YES;
				GENERATE_INFOPLIST_FILE = YES;
				INFOPLIST_KEY_UIApplicationSceneManifest_Generation = YES;
				INFOPLIST_KEY_UIApplicationSupportsIndirectInputEvents = YES;
				INFOPLIST_KEY_UILaunchScreen_Generation = YES;
				INFOPLIST_KEY_UISupportedInterfaceOrientations_iPad = "UIInterfaceOrientationPortrait UIInterfaceOrientationPortraitUpsideDown UIInterfaceOrientationLandscapeLeft UIInterfaceOrientationLandscapeRight";
				INFOPLIST_KEY_UISupportedInterfaceOrientations_iPhone = "UIInterfaceOrientationPortrait UIInterfaceOrientationLandscapeLeft UIInterfaceOrientationLandscapeRight";
				LD_RUNPATH_SEARCH_PATHS = (
					"$(inherited)",
					"@executable_path/Frameworks",
				);
				MARKETING_VERSION = 1.0;
				PRODUCT_BUNDLE_IDENTIFIER = lulug.Learning;
				PRODUCT_NAME = "$(TARGET_NAME)";
				SWIFT_EMIT_LOC_STRINGS = YES;
				SWIFT_VERSION = 5.0;
				TARGETED_DEVICE_FAMILY = "1,2";
			};
			name = Debug;
		};
		6C0E9CBB28D9BCF1006839E0 /* Release */ = {
			isa = XCBuildConfiguration;
			buildSettings = {
				ASSETCATALOG_COMPILER_APPICON_NAME = AppIcon;
				ASSETCATALOG_COMPILER_GLOBAL_ACCENT_COLOR_NAME = AccentColor;
				CODE_SIGN_STYLE = Automatic;
				CURRENT_PROJECT_VERSION = 1;
				DEVELOPMENT_ASSET_PATHS = "\"Learning/Preview Content\"";
				ENABLE_PREVIEWS = YES;
				GENERATE_INFOPLIST_FILE = YES;
				INFOPLIST_KEY_UIApplicationSceneManifest_Generation = YES;
				INFOPLIST_KEY_UIApplicationSupportsIndirectInputEvents = YES;
				INFOPLIST_KEY_UILaunchScreen_Generation = YES;
				INFOPLIST_KEY_UISupportedInterfaceOrientations_iPad = "UIInterfaceOrientationPortrait UIInterfaceOrientationPortraitUpsideDown UIInterfaceOrientationLandscapeLeft UIInterfaceOrientationLandscapeRight";
				INFOPLIST_KEY_UISupportedInterfaceOrientations_iPhone = "UIInterfaceOrientationPortrait UIInterfaceOrientationLandscapeLeft UIInterfaceOrientationLandscapeRight";
				LD_RUNPATH_SEARCH_PATHS = (
					"$(inherited)",
					"@executable_path/Frameworks",
				);
				MARKETING_VERSION = 1.0;
				PRODUCT_BUNDLE_IDENTIFIER = lulug.Learning;
				PRODUCT_NAME = "$(TARGET_NAME)";
				SWIFT_EMIT_LOC_STRINGS = YES;
				SWIFT_VERSION = 5.0;
				TARGETED_DEVICE_FAMILY = "1,2";
			};
			name = Release;
		};
/* End XCBuildConfiguration section */

/* Begin XCConfigurationList section */
		6C0E9CA628D9BCEF006839E0 /* Build configuration list for PBXProject "Learning" */ = {
			isa = XCConfigurationList;
			buildConfigurations = (
				6C0E9CB728D9BCF1006839E0 /* Debug */,
				6C0E9CB828D9BCF1006839E0 /* Release */,
			);
			defaultConfigurationIsVisible = 0;
			defaultConfigurationName = Release;
		};
		6C0E9CB928D9BCF1006839E0 /* Build configuration list for PBXNativeTarget "Learning" */ = {
			isa = XCConfigurationList;
			buildConfigurations = (
				6C0E9CBA28D9BCF1006839E0 /* Debug */,
				6C0E9CBB28D9BCF1006839E0 /* Release */,
			);
			defaultConfigurationIsVisible = 0;
			defaultConfigurationName = Release;
		};
/* End XCConfigurationList section */
	};
	rootObject = 6C0E9CA328D9BCEF006839E0 /* Project object */;
}
